
Microsoft Visual Studio Solution File, Format Version 12.00
# Visual Studio Version 17
VisualStudioVersion = 17.8.34330.188
MinimumVisualStudioVersion = 10.0.40219.1
Project("{FAE04EC0-301F-11D3-BF4B-00C04F79EFBC}") = "Assignment", "Assignment\Assignment.csproj", "{2A169422-7582-44DD-B397-E77033278D98}"
EndProject
Project("{FAE04EC0-301F-11D3-BF4B-00C04F79EFBC}") = "Assignment.Test", "Assignment.Test\Assignment.Test.csproj", "{8CDD73D6-4450-4C47-AD40-8848DAEA5414}"
EndProject
Global
	GlobalSection(SolutionConfigurationPlatforms) = preSolution
		Debug|Any CPU = Debug|Any CPU
		Release|Any CPU = Release|Any CPU
	EndGlobalSection
	GlobalSection(ProjectConfigurationPlatforms) = postSolution
		{2A169422-7582-44DD-B397-E77033278D98}.Debug|Any CPU.ActiveCfg = Debug|Any CPU
		{2A169422-7582-44DD-B397-E77033278D98}.Debug|Any CPU.Build.0 = Debug|Any CPU
		{2A169422-7582-44DD-B397-E77033278D98}.Release|Any CPU.ActiveCfg = Release|Any CPU
		{2A169422-7582-44DD-B397-E77033278D98}.Release|Any CPU.Build.0 = Release|Any CPU
		{8CDD73D6-4450-4C47-AD40-8848DAEA5414}.Debug|Any CPU.ActiveCfg = Debug|Any CPU
		{8CDD73D6-4450-4C47-AD40-8848DAEA5414}.Debug|Any CPU.Build.0 = Debug|Any CPU
		{8CDD73D6-4450-4C47-AD40-8848DAEA5414}.Release|Any CPU.ActiveCfg = Release|Any CPU
		{8CDD73D6-4450-4C47-AD40-8848DAEA5414}.Release|Any CPU.Build.0 = Release|Any CPU
	EndGlobalSection
	GlobalSection(SolutionProperties) = preSolution
		HideSolutionNode = FALSE
	EndGlobalSection
	GlobalSection(ExtensibilityGlobals) = postSolution
		SolutionGuid = {E7DC2280-76AD-4968-9730-F9A0BA43F822}
	EndGlobalSection
EndGlobal
